
Microsoft Visual Studio Solution File, Format Version 12.00
# Visual Studio 15
Project("{FAE04EC0-301F-11D3-BF4B-00C04F79EFBC}") = "DiscountCalcualtorWithMocks", "DiscountCalcualtorWithMocks\DiscountCalcualtorWithMocks.csproj", "{5CB736CF-E53A-47AE-8F8E-5E81357B52E4}"
EndProject
Project("{FAE04EC0-301F-11D3-BF4B-00C04F79EFBC}") = "tests", "tests\tests.csproj", "{5C65993E-EC56-492C-992F-8C69219D8D78}"
EndProject
Global
	GlobalSection(SolutionConfigurationPlatforms) = preSolution
		Debug|Any CPU = Debug|Any CPU
		Release|Any CPU = Release|Any CPU
	EndGlobalSection
	GlobalSection(ProjectConfigurationPlatforms) = postSolution
		{5CB736CF-E53A-47AE-8F8E-5E81357B52E4}.Debug|Any CPU.ActiveCfg = Debug|Any CPU
		{5CB736CF-E53A-47AE-8F8E-5E81357B52E4}.Debug|Any CPU.Build.0 = Debug|Any CPU
		{5CB736CF-E53A-47AE-8F8E-5E81357B52E4}.Release|Any CPU.ActiveCfg = Release|Any CPU
		{5CB736CF-E53A-47AE-8F8E-5E81357B52E4}.Release|Any CPU.Build.0 = Release|Any CPU
		{5C65993E-EC56-492C-992F-8C69219D8D78}.Debug|Any CPU.ActiveCfg = Debug|Any CPU
		{5C65993E-EC56-492C-992F-8C69219D8D78}.Debug|Any CPU.Build.0 = Debug|Any CPU
		{5C65993E-EC56-492C-992F-8C69219D8D78}.Release|Any CPU.ActiveCfg = Release|Any CPU
		{5C65993E-EC56-492C-992F-8C69219D8D78}.Release|Any CPU.Build.0 = Release|Any CPU
	EndGlobalSection
EndGlobal
