
Microsoft Visual Studio Solution File, Format Version 12.00
# Visual Studio 15
VisualStudioVersion = 15.0.27130.2027
MinimumVisualStudioVersion = 10.0.40219.1
Project("{9A19103F-16F7-4668-BE54-9A1E7A4F7556}") = "ProductCalc", "ProductCalc\ProductCalc.csproj", "{84E2CAA2-6F0E-4A80-B2F3-11AC0A409F5A}"
EndProject
Project("{FAE04EC0-301F-11D3-BF4B-00C04F79EFBC}") = "UnitTestProject1", "UnitTestProject1\UnitTestProject1.csproj", "{21DA9A73-F35F-4E35-A562-098630B00C57}"
EndProject
Global
	GlobalSection(SolutionConfigurationPlatforms) = preSolution
		Debug|Any CPU = Debug|Any CPU
		Release|Any CPU = Release|Any CPU
	EndGlobalSection
	GlobalSection(ProjectConfigurationPlatforms) = postSolution
		{84E2CAA2-6F0E-4A80-B2F3-11AC0A409F5A}.Debug|Any CPU.ActiveCfg = Debug|Any CPU
		{84E2CAA2-6F0E-4A80-B2F3-11AC0A409F5A}.Debug|Any CPU.Build.0 = Debug|Any CPU
		{84E2CAA2-6F0E-4A80-B2F3-11AC0A409F5A}.Release|Any CPU.ActiveCfg = Release|Any CPU
		{84E2CAA2-6F0E-4A80-B2F3-11AC0A409F5A}.Release|Any CPU.Build.0 = Release|Any CPU
		{21DA9A73-F35F-4E35-A562-098630B00C57}.Debug|Any CPU.ActiveCfg = Debug|Any CPU
		{21DA9A73-F35F-4E35-A562-098630B00C57}.Debug|Any CPU.Build.0 = Debug|Any CPU
		{21DA9A73-F35F-4E35-A562-098630B00C57}.Release|Any CPU.ActiveCfg = Release|Any CPU
		{21DA9A73-F35F-4E35-A562-098630B00C57}.Release|Any CPU.Build.0 = Release|Any CPU
	EndGlobalSection
	GlobalSection(SolutionProperties) = preSolution
		HideSolutionNode = FALSE
	EndGlobalSection
	GlobalSection(ExtensibilityGlobals) = postSolution
		SolutionGuid = {041DE7C7-BE52-4910-89EB-407967FA6062}
	EndGlobalSection
EndGlobal
