
Microsoft Visual Studio Solution File, Format Version 12.00
# Visual Studio 15
VisualStudioVersion = 15.0.28307.136
MinimumVisualStudioVersion = 10.0.40219.1
Project("{FAE04EC0-301F-11D3-BF4B-00C04F79EFBC}") = "Rekrutacja", "Rekrutacja\Rekrutacja.csproj", "{14F83FB5-8BC2-457D-8400-BCBADED716D5}"
EndProject
Project("{FAE04EC0-301F-11D3-BF4B-00C04F79EFBC}") = "UnitTestProject1", "UnitTestProject1\UnitTestProject1.csproj", "{5AB33CFB-4020-4BD6-90C2-F3761F36C8A9}"
EndProject
Global
	GlobalSection(SolutionConfigurationPlatforms) = preSolution
		Debug|Any CPU = Debug|Any CPU
		Release|Any CPU = Release|Any CPU
	EndGlobalSection
	GlobalSection(ProjectConfigurationPlatforms) = postSolution
		{14F83FB5-8BC2-457D-8400-BCBADED716D5}.Debug|Any CPU.ActiveCfg = Debug|Any CPU
		{14F83FB5-8BC2-457D-8400-BCBADED716D5}.Debug|Any CPU.Build.0 = Debug|Any CPU
		{14F83FB5-8BC2-457D-8400-BCBADED716D5}.Release|Any CPU.ActiveCfg = Release|Any CPU
		{14F83FB5-8BC2-457D-8400-BCBADED716D5}.Release|Any CPU.Build.0 = Release|Any CPU
		{5AB33CFB-4020-4BD6-90C2-F3761F36C8A9}.Debug|Any CPU.ActiveCfg = Debug|Any CPU
		{5AB33CFB-4020-4BD6-90C2-F3761F36C8A9}.Debug|Any CPU.Build.0 = Debug|Any CPU
		{5AB33CFB-4020-4BD6-90C2-F3761F36C8A9}.Release|Any CPU.ActiveCfg = Release|Any CPU
		{5AB33CFB-4020-4BD6-90C2-F3761F36C8A9}.Release|Any CPU.Build.0 = Release|Any CPU
	EndGlobalSection
	GlobalSection(SolutionProperties) = preSolution
		HideSolutionNode = FALSE
	EndGlobalSection
	GlobalSection(ExtensibilityGlobals) = postSolution
		SolutionGuid = {B9E33D91-6410-419D-9338-AC2AE3E39436}
	EndGlobalSection
EndGlobal
