
Microsoft Visual Studio Solution File, Format Version 12.00
# Visual Studio 15
VisualStudioVersion = 15.0.28307.136
MinimumVisualStudioVersion = 10.0.40219.1
Project("{FAE04EC0-301F-11D3-BF4B-00C04F79EFBC}") = "HappyPlanes", "HappyPlanes\HappyPlanes.csproj", "{D6523325-A5A0-4240-8C0E-B8BC9151B4FD}"
EndProject
Project("{FAE04EC0-301F-11D3-BF4B-00C04F79EFBC}") = "PlanesSimulationNunitTest", "PlanesSimulationNunitTest\PlanesSimulationNunitTest.csproj", "{A33E7F32-9D95-4D1A-8865-33E3006CBC9B}"
EndProject
Global
	GlobalSection(SolutionConfigurationPlatforms) = preSolution
		Debug|Any CPU = Debug|Any CPU
		Release|Any CPU = Release|Any CPU
	EndGlobalSection
	GlobalSection(ProjectConfigurationPlatforms) = postSolution
		{D6523325-A5A0-4240-8C0E-B8BC9151B4FD}.Debug|Any CPU.ActiveCfg = Debug|Any CPU
		{D6523325-A5A0-4240-8C0E-B8BC9151B4FD}.Debug|Any CPU.Build.0 = Debug|Any CPU
		{D6523325-A5A0-4240-8C0E-B8BC9151B4FD}.Release|Any CPU.ActiveCfg = Release|Any CPU
		{D6523325-A5A0-4240-8C0E-B8BC9151B4FD}.Release|Any CPU.Build.0 = Release|Any CPU
		{A33E7F32-9D95-4D1A-8865-33E3006CBC9B}.Debug|Any CPU.ActiveCfg = Debug|Any CPU
		{A33E7F32-9D95-4D1A-8865-33E3006CBC9B}.Debug|Any CPU.Build.0 = Debug|Any CPU
		{A33E7F32-9D95-4D1A-8865-33E3006CBC9B}.Release|Any CPU.ActiveCfg = Release|Any CPU
		{A33E7F32-9D95-4D1A-8865-33E3006CBC9B}.Release|Any CPU.Build.0 = Release|Any CPU
	EndGlobalSection
	GlobalSection(SolutionProperties) = preSolution
		HideSolutionNode = FALSE
	EndGlobalSection
	GlobalSection(ExtensibilityGlobals) = postSolution
		SolutionGuid = {89CB8493-746E-49F5-81D7-C34E9F21223E}
	EndGlobalSection
EndGlobal
