
Microsoft Visual Studio Solution File, Format Version 12.00
# Visual Studio 15
VisualStudioVersion = 15.0.28307.136
MinimumVisualStudioVersion = 10.0.40219.1
Project("{FAE04EC0-301F-11D3-BF4B-00C04F79EFBC}") = "AirportSimulation", "AirportSimulation\AirportSimulation.csproj", "{F1988EDE-046D-4E29-8CAF-4F1B741A7152}"
EndProject
Project("{FAE04EC0-301F-11D3-BF4B-00C04F79EFBC}") = "AirportSimulationTests", "AirportSimulationTests\AirportSimulationTests.csproj", "{AFAC75A4-F832-49F4-ADDD-A114B4A85519}"
EndProject
Global
	GlobalSection(SolutionConfigurationPlatforms) = preSolution
		Debug|Any CPU = Debug|Any CPU
		Release|Any CPU = Release|Any CPU
	EndGlobalSection
	GlobalSection(ProjectConfigurationPlatforms) = postSolution
		{F1988EDE-046D-4E29-8CAF-4F1B741A7152}.Debug|Any CPU.ActiveCfg = Debug|Any CPU
		{F1988EDE-046D-4E29-8CAF-4F1B741A7152}.Debug|Any CPU.Build.0 = Debug|Any CPU
		{F1988EDE-046D-4E29-8CAF-4F1B741A7152}.Release|Any CPU.ActiveCfg = Release|Any CPU
		{F1988EDE-046D-4E29-8CAF-4F1B741A7152}.Release|Any CPU.Build.0 = Release|Any CPU
		{AFAC75A4-F832-49F4-ADDD-A114B4A85519}.Debug|Any CPU.ActiveCfg = Debug|Any CPU
		{AFAC75A4-F832-49F4-ADDD-A114B4A85519}.Debug|Any CPU.Build.0 = Debug|Any CPU
		{AFAC75A4-F832-49F4-ADDD-A114B4A85519}.Release|Any CPU.ActiveCfg = Release|Any CPU
		{AFAC75A4-F832-49F4-ADDD-A114B4A85519}.Release|Any CPU.Build.0 = Release|Any CPU
	EndGlobalSection
	GlobalSection(SolutionProperties) = preSolution
		HideSolutionNode = FALSE
	EndGlobalSection
	GlobalSection(ExtensibilityGlobals) = postSolution
		SolutionGuid = {B1F6F5F3-C07A-4F0F-A7F2-558269B330C8}
	EndGlobalSection
EndGlobal
