
Microsoft Visual Studio Solution File, Format Version 12.00
# Visual Studio 15
VisualStudioVersion = 15.0.28307.136
MinimumVisualStudioVersion = 10.0.40219.1
Project("{FAE04EC0-301F-11D3-BF4B-00C04F79EFBC}") = "BattleShip", "BattleShip\BattleShip.csproj", "{F05CE619-A20D-455D-B0A0-E5809B05271F}"
EndProject
Project("{FAE04EC0-301F-11D3-BF4B-00C04F79EFBC}") = "Test", "Test\Test.csproj", "{42806D79-9CDE-470F-8BE1-E631DF9C7672}"
EndProject
Global
	GlobalSection(SolutionConfigurationPlatforms) = preSolution
		Debug|Any CPU = Debug|Any CPU
		Release|Any CPU = Release|Any CPU
	EndGlobalSection
	GlobalSection(ProjectConfigurationPlatforms) = postSolution
		{F05CE619-A20D-455D-B0A0-E5809B05271F}.Debug|Any CPU.ActiveCfg = Debug|Any CPU
		{F05CE619-A20D-455D-B0A0-E5809B05271F}.Debug|Any CPU.Build.0 = Debug|Any CPU
		{F05CE619-A20D-455D-B0A0-E5809B05271F}.Release|Any CPU.ActiveCfg = Release|Any CPU
		{F05CE619-A20D-455D-B0A0-E5809B05271F}.Release|Any CPU.Build.0 = Release|Any CPU
		{42806D79-9CDE-470F-8BE1-E631DF9C7672}.Debug|Any CPU.ActiveCfg = Debug|Any CPU
		{42806D79-9CDE-470F-8BE1-E631DF9C7672}.Debug|Any CPU.Build.0 = Debug|Any CPU
		{42806D79-9CDE-470F-8BE1-E631DF9C7672}.Release|Any CPU.ActiveCfg = Release|Any CPU
		{42806D79-9CDE-470F-8BE1-E631DF9C7672}.Release|Any CPU.Build.0 = Release|Any CPU
	EndGlobalSection
	GlobalSection(SolutionProperties) = preSolution
		HideSolutionNode = FALSE
	EndGlobalSection
	GlobalSection(ExtensibilityGlobals) = postSolution
		SolutionGuid = {B787B285-7608-479C-9823-9D48F2694646}
	EndGlobalSection
EndGlobal
