
Microsoft Visual Studio Solution File, Format Version 12.00
# Visual Studio 15
VisualStudioVersion = 15.0.28307.136
MinimumVisualStudioVersion = 10.0.40219.1
Project("{FAE04EC0-301F-11D3-BF4B-00C04F79EFBC}") = "TreeApp", "TreeApp\TreeApp.csproj", "{308E1D4D-40E8-4C05-9D34-338052B140FB}"
EndProject
Global
	GlobalSection(SolutionConfigurationPlatforms) = preSolution
		Debug|Any CPU = Debug|Any CPU
		Release|Any CPU = Release|Any CPU
	EndGlobalSection
	GlobalSection(ProjectConfigurationPlatforms) = postSolution
		{308E1D4D-40E8-4C05-9D34-338052B140FB}.Debug|Any CPU.ActiveCfg = Debug|Any CPU
		{308E1D4D-40E8-4C05-9D34-338052B140FB}.Debug|Any CPU.Build.0 = Debug|Any CPU
		{308E1D4D-40E8-4C05-9D34-338052B140FB}.Release|Any CPU.ActiveCfg = Release|Any CPU
		{308E1D4D-40E8-4C05-9D34-338052B140FB}.Release|Any CPU.Build.0 = Release|Any CPU
	EndGlobalSection
	GlobalSection(SolutionProperties) = preSolution
		HideSolutionNode = FALSE
	EndGlobalSection
	GlobalSection(ExtensibilityGlobals) = postSolution
		SolutionGuid = {BA296311-38A7-44FC-9147-B5EA4E767914}
	EndGlobalSection
EndGlobal
