
Microsoft Visual Studio Solution File, Format Version 12.00
# Visual Studio 15
VisualStudioVersion = 15.0.28307.136
MinimumVisualStudioVersion = 10.0.40219.1
Project("{FAE04EC0-301F-11D3-BF4B-00C04F79EFBC}") = "CyberMagic", "CyberMagic\CyberMagic.csproj", "{C0F921F3-A6BC-4373-B4AC-033657F928FA}"
EndProject
Project("{FAE04EC0-301F-11D3-BF4B-00C04F79EFBC}") = "CyberMagicTests", "CyberMagicTests\CyberMagicTests.csproj", "{CE72C700-67DB-45AA-8811-8DB9A6E23BEB}"
EndProject
Global
	GlobalSection(SolutionConfigurationPlatforms) = preSolution
		Debug|Any CPU = Debug|Any CPU
		Release|Any CPU = Release|Any CPU
	EndGlobalSection
	GlobalSection(ProjectConfigurationPlatforms) = postSolution
		{C0F921F3-A6BC-4373-B4AC-033657F928FA}.Debug|Any CPU.ActiveCfg = Debug|Any CPU
		{C0F921F3-A6BC-4373-B4AC-033657F928FA}.Debug|Any CPU.Build.0 = Debug|Any CPU
		{C0F921F3-A6BC-4373-B4AC-033657F928FA}.Release|Any CPU.ActiveCfg = Release|Any CPU
		{C0F921F3-A6BC-4373-B4AC-033657F928FA}.Release|Any CPU.Build.0 = Release|Any CPU
		{CE72C700-67DB-45AA-8811-8DB9A6E23BEB}.Debug|Any CPU.ActiveCfg = Debug|Any CPU
		{CE72C700-67DB-45AA-8811-8DB9A6E23BEB}.Debug|Any CPU.Build.0 = Debug|Any CPU
		{CE72C700-67DB-45AA-8811-8DB9A6E23BEB}.Release|Any CPU.ActiveCfg = Release|Any CPU
		{CE72C700-67DB-45AA-8811-8DB9A6E23BEB}.Release|Any CPU.Build.0 = Release|Any CPU
	EndGlobalSection
	GlobalSection(SolutionProperties) = preSolution
		HideSolutionNode = FALSE
	EndGlobalSection
	GlobalSection(ExtensibilityGlobals) = postSolution
		SolutionGuid = {91E189D0-B797-42D7-8EBB-17B2934B6FCB}
	EndGlobalSection
EndGlobal
