
Microsoft Visual Studio Solution File, Format Version 12.00
# Visual Studio 15
VisualStudioVersion = 15.0.28010.2041
MinimumVisualStudioVersion = 10.0.40219.1
Project("{FAE04EC0-301F-11D3-BF4B-00C04F79EFBC}") = "Task101", "Task101\Task101.csproj", "{E56654CA-9CAA-4FDA-BCA4-26FBF50C6E49}"
EndProject
Global
	GlobalSection(SolutionConfigurationPlatforms) = preSolution
		Debug|Any CPU = Debug|Any CPU
		Release|Any CPU = Release|Any CPU
	EndGlobalSection
	GlobalSection(ProjectConfigurationPlatforms) = postSolution
		{E56654CA-9CAA-4FDA-BCA4-26FBF50C6E49}.Debug|Any CPU.ActiveCfg = Debug|Any CPU
		{E56654CA-9CAA-4FDA-BCA4-26FBF50C6E49}.Debug|Any CPU.Build.0 = Debug|Any CPU
		{E56654CA-9CAA-4FDA-BCA4-26FBF50C6E49}.Release|Any CPU.ActiveCfg = Release|Any CPU
		{E56654CA-9CAA-4FDA-BCA4-26FBF50C6E49}.Release|Any CPU.Build.0 = Release|Any CPU
	EndGlobalSection
	GlobalSection(SolutionProperties) = preSolution
		HideSolutionNode = FALSE
	EndGlobalSection
	GlobalSection(ExtensibilityGlobals) = postSolution
		SolutionGuid = {1E49FF3B-A33C-4C6D-9255-A41D71B653DD}
	EndGlobalSection
EndGlobal
