
Microsoft Visual Studio Solution File, Format Version 12.00
# Visual Studio 15
VisualStudioVersion = 15.0.28307.271
MinimumVisualStudioVersion = 10.0.40219.1
Project("{FAE04EC0-301F-11D3-BF4B-00C04F79EFBC}") = "Animals_information", "Animals_information\Animals_information.csproj", "{16D457A3-41D8-4A5F-B232-C3BA34802738}"
EndProject
Project("{FAE04EC0-301F-11D3-BF4B-00C04F79EFBC}") = "AnimalTest", "AnimalTest\AnimalTest.csproj", "{247119D6-9682-4A51-B9BC-1902323FAB2B}"
EndProject
Global
	GlobalSection(SolutionConfigurationPlatforms) = preSolution
		Debug|Any CPU = Debug|Any CPU
		Release|Any CPU = Release|Any CPU
	EndGlobalSection
	GlobalSection(ProjectConfigurationPlatforms) = postSolution
		{16D457A3-41D8-4A5F-B232-C3BA34802738}.Debug|Any CPU.ActiveCfg = Debug|Any CPU
		{16D457A3-41D8-4A5F-B232-C3BA34802738}.Debug|Any CPU.Build.0 = Debug|Any CPU
		{16D457A3-41D8-4A5F-B232-C3BA34802738}.Release|Any CPU.ActiveCfg = Release|Any CPU
		{16D457A3-41D8-4A5F-B232-C3BA34802738}.Release|Any CPU.Build.0 = Release|Any CPU
		{247119D6-9682-4A51-B9BC-1902323FAB2B}.Debug|Any CPU.ActiveCfg = Debug|Any CPU
		{247119D6-9682-4A51-B9BC-1902323FAB2B}.Debug|Any CPU.Build.0 = Debug|Any CPU
		{247119D6-9682-4A51-B9BC-1902323FAB2B}.Release|Any CPU.ActiveCfg = Release|Any CPU
		{247119D6-9682-4A51-B9BC-1902323FAB2B}.Release|Any CPU.Build.0 = Release|Any CPU
	EndGlobalSection
	GlobalSection(SolutionProperties) = preSolution
		HideSolutionNode = FALSE
	EndGlobalSection
	GlobalSection(ExtensibilityGlobals) = postSolution
		SolutionGuid = {E9F556B8-D8E0-4C82-B985-A8C3C082E57C}
	EndGlobalSection
EndGlobal
