
Microsoft Visual Studio Solution File, Format Version 12.00
# Visual Studio 15
VisualStudioVersion = 15.0.28307.136
MinimumVisualStudioVersion = 10.0.40219.1
Project("{FAE04EC0-301F-11D3-BF4B-00C04F79EFBC}") = "Exercises", "Exercises\Exercises.csproj", "{93529183-7E34-4DFE-B814-6F953D889C98}"
EndProject
Project("{FAE04EC0-301F-11D3-BF4B-00C04F79EFBC}") = "ExercisesTests", "ExercisesTests\ExercisesTests.csproj", "{D5B24AC6-5552-44F1-B53D-DC215E531EAE}"
EndProject
Global
	GlobalSection(SolutionConfigurationPlatforms) = preSolution
		Debug|Any CPU = Debug|Any CPU
		Release|Any CPU = Release|Any CPU
	EndGlobalSection
	GlobalSection(ProjectConfigurationPlatforms) = postSolution
		{93529183-7E34-4DFE-B814-6F953D889C98}.Debug|Any CPU.ActiveCfg = Debug|Any CPU
		{93529183-7E34-4DFE-B814-6F953D889C98}.Debug|Any CPU.Build.0 = Debug|Any CPU
		{93529183-7E34-4DFE-B814-6F953D889C98}.Release|Any CPU.ActiveCfg = Release|Any CPU
		{93529183-7E34-4DFE-B814-6F953D889C98}.Release|Any CPU.Build.0 = Release|Any CPU
		{D5B24AC6-5552-44F1-B53D-DC215E531EAE}.Debug|Any CPU.ActiveCfg = Debug|Any CPU
		{D5B24AC6-5552-44F1-B53D-DC215E531EAE}.Debug|Any CPU.Build.0 = Debug|Any CPU
		{D5B24AC6-5552-44F1-B53D-DC215E531EAE}.Release|Any CPU.ActiveCfg = Release|Any CPU
		{D5B24AC6-5552-44F1-B53D-DC215E531EAE}.Release|Any CPU.Build.0 = Release|Any CPU
	EndGlobalSection
	GlobalSection(SolutionProperties) = preSolution
		HideSolutionNode = FALSE
	EndGlobalSection
	GlobalSection(ExtensibilityGlobals) = postSolution
		SolutionGuid = {93C133F8-E16E-4434-AA99-9C87171F977D}
	EndGlobalSection
EndGlobal
