
Microsoft Visual Studio Solution File, Format Version 12.00
# Visual Studio 15
VisualStudioVersion = 15.0.28307.136
MinimumVisualStudioVersion = 10.0.40219.1
Project("{FAE04EC0-301F-11D3-BF4B-00C04F79EFBC}") = "ChickenApp", "ChickenApp\ChickenApp.csproj", "{2F986D78-350B-4D8F-B4B4-5DA3395F217A}"
EndProject
Project("{FAE04EC0-301F-11D3-BF4B-00C04F79EFBC}") = "ChickenKitchenAppUnitTest", "ChickenKitchenAppUnitTest\ChickenKitchenAppUnitTest.csproj", "{7088813C-7B0D-43FA-A64B-ABDBA82BE3D6}"
EndProject
Global
	GlobalSection(SolutionConfigurationPlatforms) = preSolution
		Debug|Any CPU = Debug|Any CPU
		Release|Any CPU = Release|Any CPU
	EndGlobalSection
	GlobalSection(ProjectConfigurationPlatforms) = postSolution
		{2F986D78-350B-4D8F-B4B4-5DA3395F217A}.Debug|Any CPU.ActiveCfg = Debug|Any CPU
		{2F986D78-350B-4D8F-B4B4-5DA3395F217A}.Debug|Any CPU.Build.0 = Debug|Any CPU
		{2F986D78-350B-4D8F-B4B4-5DA3395F217A}.Release|Any CPU.ActiveCfg = Release|Any CPU
		{2F986D78-350B-4D8F-B4B4-5DA3395F217A}.Release|Any CPU.Build.0 = Release|Any CPU
		{7088813C-7B0D-43FA-A64B-ABDBA82BE3D6}.Debug|Any CPU.ActiveCfg = Debug|Any CPU
		{7088813C-7B0D-43FA-A64B-ABDBA82BE3D6}.Debug|Any CPU.Build.0 = Debug|Any CPU
		{7088813C-7B0D-43FA-A64B-ABDBA82BE3D6}.Release|Any CPU.ActiveCfg = Release|Any CPU
		{7088813C-7B0D-43FA-A64B-ABDBA82BE3D6}.Release|Any CPU.Build.0 = Release|Any CPU
	EndGlobalSection
	GlobalSection(SolutionProperties) = preSolution
		HideSolutionNode = FALSE
	EndGlobalSection
	GlobalSection(ExtensibilityGlobals) = postSolution
		SolutionGuid = {51F93263-3AC3-48EF-A431-067D3C6457D2}
	EndGlobalSection
EndGlobal
