
Microsoft Visual Studio Solution File, Format Version 12.00
# Visual Studio 15
Project("{FAE04EC0-301F-11D3-BF4B-00C04F79EFBC}") = "drzewa", "drzewa\drzewa.csproj", "{078FB3D6-7343-4EC7-B63F-84C4C6161D44}"
EndProject
Global
	GlobalSection(SolutionConfigurationPlatforms) = preSolution
		Debug|Any CPU = Debug|Any CPU
		Release|Any CPU = Release|Any CPU
	EndGlobalSection
	GlobalSection(ProjectConfigurationPlatforms) = postSolution
		{078FB3D6-7343-4EC7-B63F-84C4C6161D44}.Debug|Any CPU.ActiveCfg = Debug|Any CPU
		{078FB3D6-7343-4EC7-B63F-84C4C6161D44}.Debug|Any CPU.Build.0 = Debug|Any CPU
		{078FB3D6-7343-4EC7-B63F-84C4C6161D44}.Release|Any CPU.ActiveCfg = Release|Any CPU
		{078FB3D6-7343-4EC7-B63F-84C4C6161D44}.Release|Any CPU.Build.0 = Release|Any CPU
	EndGlobalSection
EndGlobal
