
Microsoft Visual Studio Solution File, Format Version 12.00
# Visual Studio 15
VisualStudioVersion = 15.0.28307.136
MinimumVisualStudioVersion = 10.0.40219.1
Project("{FAE04EC0-301F-11D3-BF4B-00C04F79EFBC}") = "regExApp", "regExApp\regExApp.csproj", "{FAD5748F-D375-4C98-B133-5BC7C79BBB7C}"
EndProject
Global
	GlobalSection(SolutionConfigurationPlatforms) = preSolution
		Debug|Any CPU = Debug|Any CPU
		Release|Any CPU = Release|Any CPU
	EndGlobalSection
	GlobalSection(ProjectConfigurationPlatforms) = postSolution
		{FAD5748F-D375-4C98-B133-5BC7C79BBB7C}.Debug|Any CPU.ActiveCfg = Debug|Any CPU
		{FAD5748F-D375-4C98-B133-5BC7C79BBB7C}.Debug|Any CPU.Build.0 = Debug|Any CPU
		{FAD5748F-D375-4C98-B133-5BC7C79BBB7C}.Release|Any CPU.ActiveCfg = Release|Any CPU
		{FAD5748F-D375-4C98-B133-5BC7C79BBB7C}.Release|Any CPU.Build.0 = Release|Any CPU
	EndGlobalSection
	GlobalSection(SolutionProperties) = preSolution
		HideSolutionNode = FALSE
	EndGlobalSection
	GlobalSection(ExtensibilityGlobals) = postSolution
		SolutionGuid = {BA050DD0-546A-4FAC-9941-D2E33CA18F9B}
	EndGlobalSection
EndGlobal
