Microsoft Visual Studio Solution File, Format Version 12.00
# Visual Studio 15
VisualStudioVersion = 15.0.28307.329
MinimumVisualStudioVersion = 10.0.40219.1
Project("{9A19103F-16F7-4668-BE54-9A1E7A4F7556}") = "MiningSimulatorByKPMM", "MiningSimulatorByKPMM\MiningSimulatorByKPMM.csproj", "{13F10CCC-3FFE-4651-AD69-A07257FBAF07}"
EndProject
Project("{9A19103F-16F7-4668-BE54-9A1E7A4F7556}") = "SimulationTests", "SimulationTests\SimulationTests.csproj", "{7B85E0BB-0055-4C8D-B436-97D340AC39B8}"
EndProject
Global
	GlobalSection(SolutionConfigurationPlatforms) = preSolution
		Debug|Any CPU = Debug|Any CPU
		Release|Any CPU = Release|Any CPU
	EndGlobalSection
	GlobalSection(ProjectConfigurationPlatforms) = postSolution
		{13F10CCC-3FFE-4651-AD69-A07257FBAF07}.Debug|Any CPU.ActiveCfg = Debug|Any CPU
		{13F10CCC-3FFE-4651-AD69-A07257FBAF07}.Debug|Any CPU.Build.0 = Debug|Any CPU
		{13F10CCC-3FFE-4651-AD69-A07257FBAF07}.Release|Any CPU.ActiveCfg = Release|Any CPU
		{13F10CCC-3FFE-4651-AD69-A07257FBAF07}.Release|Any CPU.Build.0 = Release|Any CPU
		{7B85E0BB-0055-4C8D-B436-97D340AC39B8}.Debug|Any CPU.ActiveCfg = Debug|Any CPU
		{7B85E0BB-0055-4C8D-B436-97D340AC39B8}.Debug|Any CPU.Build.0 = Debug|Any CPU
		{7B85E0BB-0055-4C8D-B436-97D340AC39B8}.Release|Any CPU.ActiveCfg = Release|Any CPU
		{7B85E0BB-0055-4C8D-B436-97D340AC39B8}.Release|Any CPU.Build.0 = Release|Any CPU
	EndGlobalSection
	GlobalSection(SolutionProperties) = preSolution
		HideSolutionNode = FALSE
	EndGlobalSection
	GlobalSection(ExtensibilityGlobals) = postSolution
		SolutionGuid = {83A84A4F-E0EB-4A0D-9EE2-55990D559D75}
	EndGlobalSection
EndGlobal
