
Microsoft Visual Studio Solution File, Format Version 12.00
# Visual Studio 15
VisualStudioVersion = 15.0.28307.136
MinimumVisualStudioVersion = 10.0.40219.1
Project("{FAE04EC0-301F-11D3-BF4B-00C04F79EFBC}") = "DiscountCalculator", "DiscountCalculator\DiscountCalculator.csproj", "{1DBCB9F7-C148-487D-B427-877006B910B4}"
EndProject
Project("{FAE04EC0-301F-11D3-BF4B-00C04F79EFBC}") = "DicsCalcTests", "DicsCalcTests\DicsCalcTests.csproj", "{EAA3D396-7EFF-4E0A-85A1-394937F07D26}"
EndProject
Global
	GlobalSection(SolutionConfigurationPlatforms) = preSolution
		Debug|Any CPU = Debug|Any CPU
		Release|Any CPU = Release|Any CPU
	EndGlobalSection
	GlobalSection(ProjectConfigurationPlatforms) = postSolution
		{1DBCB9F7-C148-487D-B427-877006B910B4}.Debug|Any CPU.ActiveCfg = Debug|Any CPU
		{1DBCB9F7-C148-487D-B427-877006B910B4}.Debug|Any CPU.Build.0 = Debug|Any CPU
		{1DBCB9F7-C148-487D-B427-877006B910B4}.Release|Any CPU.ActiveCfg = Release|Any CPU
		{1DBCB9F7-C148-487D-B427-877006B910B4}.Release|Any CPU.Build.0 = Release|Any CPU
		{EAA3D396-7EFF-4E0A-85A1-394937F07D26}.Debug|Any CPU.ActiveCfg = Debug|Any CPU
		{EAA3D396-7EFF-4E0A-85A1-394937F07D26}.Debug|Any CPU.Build.0 = Debug|Any CPU
		{EAA3D396-7EFF-4E0A-85A1-394937F07D26}.Release|Any CPU.ActiveCfg = Release|Any CPU
		{EAA3D396-7EFF-4E0A-85A1-394937F07D26}.Release|Any CPU.Build.0 = Release|Any CPU
	EndGlobalSection
	GlobalSection(SolutionProperties) = preSolution
		HideSolutionNode = FALSE
	EndGlobalSection
	GlobalSection(ExtensibilityGlobals) = postSolution
		SolutionGuid = {6019EAA1-EFFA-4F59-B36D-48C29B9FA887}
	EndGlobalSection
EndGlobal
