
Microsoft Visual Studio Solution File, Format Version 12.00
# Visual Studio 15
VisualStudioVersion = 15.0.28307.102
MinimumVisualStudioVersion = 10.0.40219.1
Project("{FAE04EC0-301F-11D3-BF4B-00C04F79EFBC}") = "ChickenKitchen", "ChickenKitchen\ChickenKitchen.csproj", "{DB495081-0F53-4F63-81A7-A22DC5B33F84}"
EndProject
Global
	GlobalSection(SolutionConfigurationPlatforms) = preSolution
		Debug|Any CPU = Debug|Any CPU
		Release|Any CPU = Release|Any CPU
	EndGlobalSection
	GlobalSection(ProjectConfigurationPlatforms) = postSolution
		{DB495081-0F53-4F63-81A7-A22DC5B33F84}.Debug|Any CPU.ActiveCfg = Debug|Any CPU
		{DB495081-0F53-4F63-81A7-A22DC5B33F84}.Debug|Any CPU.Build.0 = Debug|Any CPU
		{DB495081-0F53-4F63-81A7-A22DC5B33F84}.Release|Any CPU.ActiveCfg = Release|Any CPU
		{DB495081-0F53-4F63-81A7-A22DC5B33F84}.Release|Any CPU.Build.0 = Release|Any CPU
	EndGlobalSection
	GlobalSection(SolutionProperties) = preSolution
		HideSolutionNode = FALSE
	EndGlobalSection
	GlobalSection(ExtensibilityGlobals) = postSolution
		SolutionGuid = {CC1E2827-6790-42A2-A219-F6E3DF039B8C}
	EndGlobalSection
EndGlobal
