
Microsoft Visual Studio Solution File, Format Version 12.00
# Visual Studio 15
VisualStudioVersion = 15.0.28307.168
MinimumVisualStudioVersion = 10.0.40219.1
Project("{FAE04EC0-301F-11D3-BF4B-00C04F79EFBC}") = "Animals", "Animals\Animals.csproj", "{347CA4CB-8770-45B2-A91F-AA316B60E89C}"
EndProject
Project("{FAE04EC0-301F-11D3-BF4B-00C04F79EFBC}") = "TestsOnAnimals", "TestsOnAnimals\TestsOnAnimals.csproj", "{C2737150-1199-4B0A-A93F-B196458938E8}"
EndProject
Global
	GlobalSection(SolutionConfigurationPlatforms) = preSolution
		Debug|Any CPU = Debug|Any CPU
		Release|Any CPU = Release|Any CPU
	EndGlobalSection
	GlobalSection(ProjectConfigurationPlatforms) = postSolution
		{347CA4CB-8770-45B2-A91F-AA316B60E89C}.Debug|Any CPU.ActiveCfg = Debug|Any CPU
		{347CA4CB-8770-45B2-A91F-AA316B60E89C}.Debug|Any CPU.Build.0 = Debug|Any CPU
		{347CA4CB-8770-45B2-A91F-AA316B60E89C}.Release|Any CPU.ActiveCfg = Release|Any CPU
		{347CA4CB-8770-45B2-A91F-AA316B60E89C}.Release|Any CPU.Build.0 = Release|Any CPU
		{C2737150-1199-4B0A-A93F-B196458938E8}.Debug|Any CPU.ActiveCfg = Debug|Any CPU
		{C2737150-1199-4B0A-A93F-B196458938E8}.Debug|Any CPU.Build.0 = Debug|Any CPU
		{C2737150-1199-4B0A-A93F-B196458938E8}.Release|Any CPU.ActiveCfg = Release|Any CPU
		{C2737150-1199-4B0A-A93F-B196458938E8}.Release|Any CPU.Build.0 = Release|Any CPU
	EndGlobalSection
	GlobalSection(SolutionProperties) = preSolution
		HideSolutionNode = FALSE
	EndGlobalSection
	GlobalSection(ExtensibilityGlobals) = postSolution
		SolutionGuid = {DFE923A7-BC29-4046-A844-E3F70870A9D4}
	EndGlobalSection
EndGlobal
