
Microsoft Visual Studio Solution File, Format Version 12.00
# Visual Studio 15
VisualStudioVersion = 15.0.28307.271
MinimumVisualStudioVersion = 10.0.40219.1
Project("{FAE04EC0-301F-11D3-BF4B-00C04F79EFBC}") = "BFC.Console", "BFC\BFC.Console.csproj", "{B517E280-7A09-41A3-8A04-D258AE3DB255}"
EndProject
Project("{FAE04EC0-301F-11D3-BF4B-00C04F79EFBC}") = "BFC.Tests", "BFC.Tests\BFC.Tests.csproj", "{B21E0514-B491-494B-A492-9F0FDEABDBCB}"
EndProject
Global
	GlobalSection(SolutionConfigurationPlatforms) = preSolution
		Debug|Any CPU = Debug|Any CPU
		Release|Any CPU = Release|Any CPU
	EndGlobalSection
	GlobalSection(ProjectConfigurationPlatforms) = postSolution
		{B517E280-7A09-41A3-8A04-D258AE3DB255}.Debug|Any CPU.ActiveCfg = Debug|Any CPU
		{B517E280-7A09-41A3-8A04-D258AE3DB255}.Debug|Any CPU.Build.0 = Debug|Any CPU
		{B517E280-7A09-41A3-8A04-D258AE3DB255}.Release|Any CPU.ActiveCfg = Release|Any CPU
		{B517E280-7A09-41A3-8A04-D258AE3DB255}.Release|Any CPU.Build.0 = Release|Any CPU
		{B21E0514-B491-494B-A492-9F0FDEABDBCB}.Debug|Any CPU.ActiveCfg = Debug|Any CPU
		{B21E0514-B491-494B-A492-9F0FDEABDBCB}.Debug|Any CPU.Build.0 = Debug|Any CPU
		{B21E0514-B491-494B-A492-9F0FDEABDBCB}.Release|Any CPU.ActiveCfg = Release|Any CPU
		{B21E0514-B491-494B-A492-9F0FDEABDBCB}.Release|Any CPU.Build.0 = Release|Any CPU
	EndGlobalSection
	GlobalSection(SolutionProperties) = preSolution
		HideSolutionNode = FALSE
	EndGlobalSection
	GlobalSection(ExtensibilityGlobals) = postSolution
		SolutionGuid = {E9D88D43-8250-4367-BAE4-0E4FCA05F093}
	EndGlobalSection
EndGlobal
