
Microsoft Visual Studio Solution File, Format Version 12.00
# Visual Studio 15
VisualStudioVersion = 15.0.28307.168
MinimumVisualStudioVersion = 10.0.40219.1
Project("{FAE04EC0-301F-11D3-BF4B-00C04F79EFBC}") = "ShopForLearnMock", "ShopForLearnMock\ShopForLearnMock.csproj", "{8FD1FC03-2DB9-441A-91BF-D7EB814594BE}"
EndProject
Project("{FAE04EC0-301F-11D3-BF4B-00C04F79EFBC}") = "MockTest", "MockTest\MockTest.csproj", "{1A5673AF-F16C-47CA-9E1D-2E2031A46F1E}"
EndProject
Global
	GlobalSection(SolutionConfigurationPlatforms) = preSolution
		Debug|Any CPU = Debug|Any CPU
		Release|Any CPU = Release|Any CPU
	EndGlobalSection
	GlobalSection(ProjectConfigurationPlatforms) = postSolution
		{8FD1FC03-2DB9-441A-91BF-D7EB814594BE}.Debug|Any CPU.ActiveCfg = Debug|Any CPU
		{8FD1FC03-2DB9-441A-91BF-D7EB814594BE}.Debug|Any CPU.Build.0 = Debug|Any CPU
		{8FD1FC03-2DB9-441A-91BF-D7EB814594BE}.Release|Any CPU.ActiveCfg = Release|Any CPU
		{8FD1FC03-2DB9-441A-91BF-D7EB814594BE}.Release|Any CPU.Build.0 = Release|Any CPU
		{1A5673AF-F16C-47CA-9E1D-2E2031A46F1E}.Debug|Any CPU.ActiveCfg = Debug|Any CPU
		{1A5673AF-F16C-47CA-9E1D-2E2031A46F1E}.Debug|Any CPU.Build.0 = Debug|Any CPU
		{1A5673AF-F16C-47CA-9E1D-2E2031A46F1E}.Release|Any CPU.ActiveCfg = Release|Any CPU
		{1A5673AF-F16C-47CA-9E1D-2E2031A46F1E}.Release|Any CPU.Build.0 = Release|Any CPU
	EndGlobalSection
	GlobalSection(SolutionProperties) = preSolution
		HideSolutionNode = FALSE
	EndGlobalSection
	GlobalSection(ExtensibilityGlobals) = postSolution
		SolutionGuid = {AAD7A22F-A13D-4440-8E8C-263BB876DD39}
	EndGlobalSection
EndGlobal
