
Microsoft Visual Studio Solution File, Format Version 12.00
# Visual Studio 15
VisualStudioVersion = 15.0.27130.2027
MinimumVisualStudioVersion = 10.0.40219.1
Project("{FAE04EC0-301F-11D3-BF4B-00C04F79EFBC}") = "AllTasksInOne", "AllTasksInOne\AllTasksInOne.csproj", "{5CBA1D47-3FE3-4A85-A12F-666E6A4ED142}"
EndProject
Global
	GlobalSection(SolutionConfigurationPlatforms) = preSolution
		Debug|Any CPU = Debug|Any CPU
		Release|Any CPU = Release|Any CPU
	EndGlobalSection
	GlobalSection(ProjectConfigurationPlatforms) = postSolution
		{5CBA1D47-3FE3-4A85-A12F-666E6A4ED142}.Debug|Any CPU.ActiveCfg = Debug|Any CPU
		{5CBA1D47-3FE3-4A85-A12F-666E6A4ED142}.Debug|Any CPU.Build.0 = Debug|Any CPU
		{5CBA1D47-3FE3-4A85-A12F-666E6A4ED142}.Release|Any CPU.ActiveCfg = Release|Any CPU
		{5CBA1D47-3FE3-4A85-A12F-666E6A4ED142}.Release|Any CPU.Build.0 = Release|Any CPU
	EndGlobalSection
	GlobalSection(SolutionProperties) = preSolution
		HideSolutionNode = FALSE
	EndGlobalSection
	GlobalSection(ExtensibilityGlobals) = postSolution
		SolutionGuid = {B80728A8-4B6C-4A7A-B2E1-ABC24B43F000}
	EndGlobalSection
EndGlobal
