
Microsoft Visual Studio Solution File, Format Version 12.00
# Visual Studio 15
VisualStudioVersion = 15.0.28307.136
MinimumVisualStudioVersion = 10.0.40219.1
Project("{FAE04EC0-301F-11D3-BF4B-00C04F79EFBC}") = "TeaPrograms", "TeaPrograms\TeaPrograms.csproj", "{FA6A8130-4040-4BA0-A773-72D8D5A53065}"
EndProject
Project("{FAE04EC0-301F-11D3-BF4B-00C04F79EFBC}") = "TeaTest", "TeaTest\TeaTest.csproj", "{498CB7F4-847F-478F-AF36-BFA984885BB6}"
EndProject
Global
	GlobalSection(SolutionConfigurationPlatforms) = preSolution
		Debug|Any CPU = Debug|Any CPU
		Release|Any CPU = Release|Any CPU
	EndGlobalSection
	GlobalSection(ProjectConfigurationPlatforms) = postSolution
		{FA6A8130-4040-4BA0-A773-72D8D5A53065}.Debug|Any CPU.ActiveCfg = Debug|Any CPU
		{FA6A8130-4040-4BA0-A773-72D8D5A53065}.Debug|Any CPU.Build.0 = Debug|Any CPU
		{FA6A8130-4040-4BA0-A773-72D8D5A53065}.Release|Any CPU.ActiveCfg = Release|Any CPU
		{FA6A8130-4040-4BA0-A773-72D8D5A53065}.Release|Any CPU.Build.0 = Release|Any CPU
		{498CB7F4-847F-478F-AF36-BFA984885BB6}.Debug|Any CPU.ActiveCfg = Debug|Any CPU
		{498CB7F4-847F-478F-AF36-BFA984885BB6}.Debug|Any CPU.Build.0 = Debug|Any CPU
		{498CB7F4-847F-478F-AF36-BFA984885BB6}.Release|Any CPU.ActiveCfg = Release|Any CPU
		{498CB7F4-847F-478F-AF36-BFA984885BB6}.Release|Any CPU.Build.0 = Release|Any CPU
	EndGlobalSection
	GlobalSection(SolutionProperties) = preSolution
		HideSolutionNode = FALSE
	EndGlobalSection
	GlobalSection(ExtensibilityGlobals) = postSolution
		SolutionGuid = {69AE41BD-D73A-447D-A011-DD5422B21F33}
	EndGlobalSection
EndGlobal
