
Microsoft Visual Studio Solution File, Format Version 12.00
# Visual Studio 15
VisualStudioVersion = 15.0.28307.136
MinimumVisualStudioVersion = 10.0.40219.1
Project("{FAE04EC0-301F-11D3-BF4B-00C04F79EFBC}") = "chickenKitchenApp", "chickenKitchenApp\chickenKitchenApp.csproj", "{24AAC65A-0D3A-4574-8FA0-B630FF71412D}"
EndProject
Global
	GlobalSection(SolutionConfigurationPlatforms) = preSolution
		Debug|Any CPU = Debug|Any CPU
		Release|Any CPU = Release|Any CPU
	EndGlobalSection
	GlobalSection(ProjectConfigurationPlatforms) = postSolution
		{24AAC65A-0D3A-4574-8FA0-B630FF71412D}.Debug|Any CPU.ActiveCfg = Debug|Any CPU
		{24AAC65A-0D3A-4574-8FA0-B630FF71412D}.Debug|Any CPU.Build.0 = Debug|Any CPU
		{24AAC65A-0D3A-4574-8FA0-B630FF71412D}.Release|Any CPU.ActiveCfg = Release|Any CPU
		{24AAC65A-0D3A-4574-8FA0-B630FF71412D}.Release|Any CPU.Build.0 = Release|Any CPU
	EndGlobalSection
	GlobalSection(SolutionProperties) = preSolution
		HideSolutionNode = FALSE
	EndGlobalSection
	GlobalSection(ExtensibilityGlobals) = postSolution
		SolutionGuid = {820F5D4F-B452-400A-B968-3C72DA00B24C}
	EndGlobalSection
EndGlobal
