
Microsoft Visual Studio Solution File, Format Version 12.00
# Visual Studio 15
VisualStudioVersion = 15.0.28307.168
MinimumVisualStudioVersion = 10.0.40219.1
Project("{FAE04EC0-301F-11D3-BF4B-00C04F79EFBC}") = "Samoloty", "Samoloty\Samoloty.csproj", "{8211C232-9353-46D5-83D9-C0821CF0FA99}"
EndProject
Project("{FAE04EC0-301F-11D3-BF4B-00C04F79EFBC}") = "UnitTestProject1", "UnitTestProject1\UnitTestProject1.csproj", "{B2183FA8-1B31-4D6C-86B0-7932AAF2C2C3}"
EndProject
Global
	GlobalSection(SolutionConfigurationPlatforms) = preSolution
		Debug|Any CPU = Debug|Any CPU
		Release|Any CPU = Release|Any CPU
	EndGlobalSection
	GlobalSection(ProjectConfigurationPlatforms) = postSolution
		{8211C232-9353-46D5-83D9-C0821CF0FA99}.Debug|Any CPU.ActiveCfg = Debug|Any CPU
		{8211C232-9353-46D5-83D9-C0821CF0FA99}.Debug|Any CPU.Build.0 = Debug|Any CPU
		{8211C232-9353-46D5-83D9-C0821CF0FA99}.Release|Any CPU.ActiveCfg = Release|Any CPU
		{8211C232-9353-46D5-83D9-C0821CF0FA99}.Release|Any CPU.Build.0 = Release|Any CPU
		{B2183FA8-1B31-4D6C-86B0-7932AAF2C2C3}.Debug|Any CPU.ActiveCfg = Debug|Any CPU
		{B2183FA8-1B31-4D6C-86B0-7932AAF2C2C3}.Debug|Any CPU.Build.0 = Debug|Any CPU
		{B2183FA8-1B31-4D6C-86B0-7932AAF2C2C3}.Release|Any CPU.ActiveCfg = Release|Any CPU
		{B2183FA8-1B31-4D6C-86B0-7932AAF2C2C3}.Release|Any CPU.Build.0 = Release|Any CPU
	EndGlobalSection
	GlobalSection(SolutionProperties) = preSolution
		HideSolutionNode = FALSE
	EndGlobalSection
	GlobalSection(ExtensibilityGlobals) = postSolution
		SolutionGuid = {AB24E853-9F11-4E38-9B3B-DC13AA29DDF3}
	EndGlobalSection
EndGlobal
