
Microsoft Visual Studio Solution File, Format Version 12.00
# Visual Studio 15
VisualStudioVersion = 15.0.28307.168
MinimumVisualStudioVersion = 10.0.40219.1
Project("{FAE04EC0-301F-11D3-BF4B-00C04F79EFBC}") = "Sortowanie", "Sortowanie\Sortowanie.csproj", "{1CA6ED45-3013-4DD8-813A-A232770DB2B6}"
EndProject
Project("{FAE04EC0-301F-11D3-BF4B-00C04F79EFBC}") = "UnitTestProject1", "UnitTestProject1\UnitTestProject1.csproj", "{714BCE53-11C4-4BFC-A355-33FFB04507B7}"
EndProject
Global
	GlobalSection(SolutionConfigurationPlatforms) = preSolution
		Debug|Any CPU = Debug|Any CPU
		Release|Any CPU = Release|Any CPU
	EndGlobalSection
	GlobalSection(ProjectConfigurationPlatforms) = postSolution
		{1CA6ED45-3013-4DD8-813A-A232770DB2B6}.Debug|Any CPU.ActiveCfg = Debug|Any CPU
		{1CA6ED45-3013-4DD8-813A-A232770DB2B6}.Debug|Any CPU.Build.0 = Debug|Any CPU
		{1CA6ED45-3013-4DD8-813A-A232770DB2B6}.Release|Any CPU.ActiveCfg = Release|Any CPU
		{1CA6ED45-3013-4DD8-813A-A232770DB2B6}.Release|Any CPU.Build.0 = Release|Any CPU
		{714BCE53-11C4-4BFC-A355-33FFB04507B7}.Debug|Any CPU.ActiveCfg = Debug|Any CPU
		{714BCE53-11C4-4BFC-A355-33FFB04507B7}.Debug|Any CPU.Build.0 = Debug|Any CPU
		{714BCE53-11C4-4BFC-A355-33FFB04507B7}.Release|Any CPU.ActiveCfg = Release|Any CPU
		{714BCE53-11C4-4BFC-A355-33FFB04507B7}.Release|Any CPU.Build.0 = Release|Any CPU
	EndGlobalSection
	GlobalSection(SolutionProperties) = preSolution
		HideSolutionNode = FALSE
	EndGlobalSection
	GlobalSection(ExtensibilityGlobals) = postSolution
		SolutionGuid = {DE350D1C-09C2-4AA1-A0CF-D96E92137FDB}
	EndGlobalSection
EndGlobal
