
Microsoft Visual Studio Solution File, Format Version 12.00
# Visual Studio 15
VisualStudioVersion = 15.0.28306.52
MinimumVisualStudioVersion = 10.0.40219.1
Project("{FAE04EC0-301F-11D3-BF4B-00C04F79EFBC}") = "sccccc", "sccccc\sccccc.csproj", "{18F33D16-5740-440A-8CF3-0057089FF740}"
EndProject
Project("{FAE04EC0-301F-11D3-BF4B-00C04F79EFBC}") = "UnitTestProject1", "UnitTestProject1\UnitTestProject1.csproj", "{9DC78414-DDA4-4C92-AC95-4E7DAC655926}"
EndProject
Global
	GlobalSection(SolutionConfigurationPlatforms) = preSolution
		Debug|Any CPU = Debug|Any CPU
		Release|Any CPU = Release|Any CPU
	EndGlobalSection
	GlobalSection(ProjectConfigurationPlatforms) = postSolution
		{18F33D16-5740-440A-8CF3-0057089FF740}.Debug|Any CPU.ActiveCfg = Debug|Any CPU
		{18F33D16-5740-440A-8CF3-0057089FF740}.Debug|Any CPU.Build.0 = Debug|Any CPU
		{18F33D16-5740-440A-8CF3-0057089FF740}.Release|Any CPU.ActiveCfg = Release|Any CPU
		{18F33D16-5740-440A-8CF3-0057089FF740}.Release|Any CPU.Build.0 = Release|Any CPU
		{9DC78414-DDA4-4C92-AC95-4E7DAC655926}.Debug|Any CPU.ActiveCfg = Debug|Any CPU
		{9DC78414-DDA4-4C92-AC95-4E7DAC655926}.Debug|Any CPU.Build.0 = Debug|Any CPU
		{9DC78414-DDA4-4C92-AC95-4E7DAC655926}.Release|Any CPU.ActiveCfg = Release|Any CPU
		{9DC78414-DDA4-4C92-AC95-4E7DAC655926}.Release|Any CPU.Build.0 = Release|Any CPU
	EndGlobalSection
	GlobalSection(SolutionProperties) = preSolution
		HideSolutionNode = FALSE
	EndGlobalSection
	GlobalSection(ExtensibilityGlobals) = postSolution
		SolutionGuid = {B8D6D379-CA22-427B-B298-E97A63FBDC43}
	EndGlobalSection
EndGlobal
