
Microsoft Visual Studio Solution File, Format Version 12.00
# Visual Studio 15
VisualStudioVersion = 15.0.28307.168
MinimumVisualStudioVersion = 10.0.40219.1
Project("{FAE04EC0-301F-11D3-BF4B-00C04F79EFBC}") = "happy-path-creation-training", "..\happy-path-creation-training\happy-path-creation-training.csproj", "{492E88BD-05C3-48CA-B855-C6861BFDBFE5}"
EndProject
Project("{FAE04EC0-301F-11D3-BF4B-00C04F79EFBC}") = "happy-path-creation-training-ver2", "happy-path-creation-training-ver2\happy-path-creation-training-ver2.csproj", "{C2F9D676-B5B4-4811-97F0-AEB98FB718ED}"
EndProject
Global
	GlobalSection(SolutionConfigurationPlatforms) = preSolution
		Debug|Any CPU = Debug|Any CPU
		Release|Any CPU = Release|Any CPU
	EndGlobalSection
	GlobalSection(ProjectConfigurationPlatforms) = postSolution
		{492E88BD-05C3-48CA-B855-C6861BFDBFE5}.Debug|Any CPU.ActiveCfg = Debug|Any CPU
		{492E88BD-05C3-48CA-B855-C6861BFDBFE5}.Debug|Any CPU.Build.0 = Debug|Any CPU
		{492E88BD-05C3-48CA-B855-C6861BFDBFE5}.Release|Any CPU.ActiveCfg = Release|Any CPU
		{492E88BD-05C3-48CA-B855-C6861BFDBFE5}.Release|Any CPU.Build.0 = Release|Any CPU
		{C2F9D676-B5B4-4811-97F0-AEB98FB718ED}.Debug|Any CPU.ActiveCfg = Debug|Any CPU
		{C2F9D676-B5B4-4811-97F0-AEB98FB718ED}.Debug|Any CPU.Build.0 = Debug|Any CPU
		{C2F9D676-B5B4-4811-97F0-AEB98FB718ED}.Release|Any CPU.ActiveCfg = Release|Any CPU
		{C2F9D676-B5B4-4811-97F0-AEB98FB718ED}.Release|Any CPU.Build.0 = Release|Any CPU
	EndGlobalSection
	GlobalSection(SolutionProperties) = preSolution
		HideSolutionNode = FALSE
	EndGlobalSection
	GlobalSection(ExtensibilityGlobals) = postSolution
		SolutionGuid = {E8F240C1-35A1-44D0-BA61-741397F5A97C}
	EndGlobalSection
EndGlobal
