
Microsoft Visual Studio Solution File, Format Version 12.00
# Visual Studio 15
VisualStudioVersion = 15.0.28010.2041
MinimumVisualStudioVersion = 10.0.40219.1
Project("{FAE04EC0-301F-11D3-BF4B-00C04F79EFBC}") = "RegexTasks", "RegexTasks\RegexTasks.csproj", "{301FD780-B3D5-4B3D-A9DD-AF8C0E91DB48}"
EndProject
Global
	GlobalSection(SolutionConfigurationPlatforms) = preSolution
		Debug|Any CPU = Debug|Any CPU
		Release|Any CPU = Release|Any CPU
	EndGlobalSection
	GlobalSection(ProjectConfigurationPlatforms) = postSolution
		{301FD780-B3D5-4B3D-A9DD-AF8C0E91DB48}.Debug|Any CPU.ActiveCfg = Debug|Any CPU
		{301FD780-B3D5-4B3D-A9DD-AF8C0E91DB48}.Debug|Any CPU.Build.0 = Debug|Any CPU
		{301FD780-B3D5-4B3D-A9DD-AF8C0E91DB48}.Release|Any CPU.ActiveCfg = Release|Any CPU
		{301FD780-B3D5-4B3D-A9DD-AF8C0E91DB48}.Release|Any CPU.Build.0 = Release|Any CPU
	EndGlobalSection
	GlobalSection(SolutionProperties) = preSolution
		HideSolutionNode = FALSE
	EndGlobalSection
	GlobalSection(ExtensibilityGlobals) = postSolution
		SolutionGuid = {5BB91736-A873-4644-B8D2-64BA99A2A761}
	EndGlobalSection
EndGlobal
