
Microsoft Visual Studio Solution File, Format Version 12.00
# Visual Studio 15
VisualStudioVersion = 15.0.28307.168
MinimumVisualStudioVersion = 10.0.40219.1
Project("{FAE04EC0-301F-11D3-BF4B-00C04F79EFBC}") = "SklepOdziezowy", "SklepOdziezowy\SklepOdziezowy.csproj", "{8A1018E5-AD2E-499B-AF0E-9B6EF7B0AA4D}"
EndProject
Global
	GlobalSection(SolutionConfigurationPlatforms) = preSolution
		Debug|Any CPU = Debug|Any CPU
		Release|Any CPU = Release|Any CPU
	EndGlobalSection
	GlobalSection(ProjectConfigurationPlatforms) = postSolution
		{8A1018E5-AD2E-499B-AF0E-9B6EF7B0AA4D}.Debug|Any CPU.ActiveCfg = Debug|Any CPU
		{8A1018E5-AD2E-499B-AF0E-9B6EF7B0AA4D}.Debug|Any CPU.Build.0 = Debug|Any CPU
		{8A1018E5-AD2E-499B-AF0E-9B6EF7B0AA4D}.Release|Any CPU.ActiveCfg = Release|Any CPU
		{8A1018E5-AD2E-499B-AF0E-9B6EF7B0AA4D}.Release|Any CPU.Build.0 = Release|Any CPU
	EndGlobalSection
	GlobalSection(SolutionProperties) = preSolution
		HideSolutionNode = FALSE
	EndGlobalSection
	GlobalSection(ExtensibilityGlobals) = postSolution
		SolutionGuid = {FEC3F6D0-D8BC-43BA-9043-CECE2EC2CF96}
	EndGlobalSection
EndGlobal
