
Microsoft Visual Studio Solution File, Format Version 12.00
# Visual Studio 15
VisualStudioVersion = 15.0.28307.168
MinimumVisualStudioVersion = 10.0.40219.1
Project("{FAE04EC0-301F-11D3-BF4B-00C04F79EFBC}") = "HowToAutofac", "Autofac\HowToAutofac.csproj", "{7DC201E0-F595-4166-9B10-A3A3C54E8A3C}"
EndProject
Global
	GlobalSection(SolutionConfigurationPlatforms) = preSolution
		Debug|Any CPU = Debug|Any CPU
		Release|Any CPU = Release|Any CPU
	EndGlobalSection
	GlobalSection(ProjectConfigurationPlatforms) = postSolution
		{7DC201E0-F595-4166-9B10-A3A3C54E8A3C}.Debug|Any CPU.ActiveCfg = Debug|Any CPU
		{7DC201E0-F595-4166-9B10-A3A3C54E8A3C}.Debug|Any CPU.Build.0 = Debug|Any CPU
		{7DC201E0-F595-4166-9B10-A3A3C54E8A3C}.Release|Any CPU.ActiveCfg = Release|Any CPU
		{7DC201E0-F595-4166-9B10-A3A3C54E8A3C}.Release|Any CPU.Build.0 = Release|Any CPU
	EndGlobalSection
	GlobalSection(SolutionProperties) = preSolution
		HideSolutionNode = FALSE
	EndGlobalSection
	GlobalSection(ExtensibilityGlobals) = postSolution
		SolutionGuid = {ACA09CBD-1BC4-4A29-9D4B-CE4E63AF3A31}
	EndGlobalSection
EndGlobal
