
Microsoft Visual Studio Solution File, Format Version 12.00
# Visual Studio 15
VisualStudioVersion = 15.0.28307.136
MinimumVisualStudioVersion = 10.0.40219.1
Project("{FAE04EC0-301F-11D3-BF4B-00C04F79EFBC}") = "String_Calculator", "String_Calculator\String_Calculator.csproj", "{83B0E3C9-E652-434D-BB4E-C08DA42E8D42}"
EndProject
Project("{FAE04EC0-301F-11D3-BF4B-00C04F79EFBC}") = "UnitTestProject1", "UnitTestProject1\UnitTestProject1.csproj", "{62CA0D64-DEB8-449F-BF1E-6F6D9BB4BB2F}"
EndProject
Global
	GlobalSection(SolutionConfigurationPlatforms) = preSolution
		Debug|Any CPU = Debug|Any CPU
		Release|Any CPU = Release|Any CPU
	EndGlobalSection
	GlobalSection(ProjectConfigurationPlatforms) = postSolution
		{83B0E3C9-E652-434D-BB4E-C08DA42E8D42}.Debug|Any CPU.ActiveCfg = Debug|Any CPU
		{83B0E3C9-E652-434D-BB4E-C08DA42E8D42}.Debug|Any CPU.Build.0 = Debug|Any CPU
		{83B0E3C9-E652-434D-BB4E-C08DA42E8D42}.Release|Any CPU.ActiveCfg = Release|Any CPU
		{83B0E3C9-E652-434D-BB4E-C08DA42E8D42}.Release|Any CPU.Build.0 = Release|Any CPU
		{62CA0D64-DEB8-449F-BF1E-6F6D9BB4BB2F}.Debug|Any CPU.ActiveCfg = Debug|Any CPU
		{62CA0D64-DEB8-449F-BF1E-6F6D9BB4BB2F}.Debug|Any CPU.Build.0 = Debug|Any CPU
		{62CA0D64-DEB8-449F-BF1E-6F6D9BB4BB2F}.Release|Any CPU.ActiveCfg = Release|Any CPU
		{62CA0D64-DEB8-449F-BF1E-6F6D9BB4BB2F}.Release|Any CPU.Build.0 = Release|Any CPU
	EndGlobalSection
	GlobalSection(SolutionProperties) = preSolution
		HideSolutionNode = FALSE
	EndGlobalSection
	GlobalSection(ExtensibilityGlobals) = postSolution
		SolutionGuid = {047BB6D2-4011-4513-80CE-547DC84D039D}
	EndGlobalSection
EndGlobal
