
Microsoft Visual Studio Solution File, Format Version 12.00
# Visual Studio 15
VisualStudioVersion = 15.0.28307.168
MinimumVisualStudioVersion = 10.0.40219.1
Project("{FAE04EC0-301F-11D3-BF4B-00C04F79EFBC}") = "FlySimulator", "FlySimulator\FlySimulator.csproj", "{6A914DD7-1426-4756-B71F-3479E2E4BE4A}"
EndProject
Project("{FAE04EC0-301F-11D3-BF4B-00C04F79EFBC}") = "FlightSimulatorTests", "FlightSimulatorTests\FlightSimulatorTests.csproj", "{F2C4C241-610D-41C5-9C73-8156DC3DFD33}"
EndProject
Global
	GlobalSection(SolutionConfigurationPlatforms) = preSolution
		Debug|Any CPU = Debug|Any CPU
		Release|Any CPU = Release|Any CPU
	EndGlobalSection
	GlobalSection(ProjectConfigurationPlatforms) = postSolution
		{6A914DD7-1426-4756-B71F-3479E2E4BE4A}.Debug|Any CPU.ActiveCfg = Debug|Any CPU
		{6A914DD7-1426-4756-B71F-3479E2E4BE4A}.Debug|Any CPU.Build.0 = Debug|Any CPU
		{6A914DD7-1426-4756-B71F-3479E2E4BE4A}.Release|Any CPU.ActiveCfg = Release|Any CPU
		{6A914DD7-1426-4756-B71F-3479E2E4BE4A}.Release|Any CPU.Build.0 = Release|Any CPU
		{F2C4C241-610D-41C5-9C73-8156DC3DFD33}.Debug|Any CPU.ActiveCfg = Debug|Any CPU
		{F2C4C241-610D-41C5-9C73-8156DC3DFD33}.Debug|Any CPU.Build.0 = Debug|Any CPU
		{F2C4C241-610D-41C5-9C73-8156DC3DFD33}.Release|Any CPU.ActiveCfg = Release|Any CPU
		{F2C4C241-610D-41C5-9C73-8156DC3DFD33}.Release|Any CPU.Build.0 = Release|Any CPU
	EndGlobalSection
	GlobalSection(SolutionProperties) = preSolution
		HideSolutionNode = FALSE
	EndGlobalSection
	GlobalSection(ExtensibilityGlobals) = postSolution
		SolutionGuid = {19A81D62-0D2F-487B-8780-2AC542026FD4}
	EndGlobalSection
EndGlobal
