
Microsoft Visual Studio Solution File, Format Version 12.00
# Visual Studio 15
VisualStudioVersion = 15.0.28307.271
MinimumVisualStudioVersion = 10.0.40219.1
Project("{9A19103F-16F7-4668-BE54-9A1E7A4F7556}") = "BFC.Tests", "BFC.Tests\BFC.Tests.csproj", "{B21E0514-B491-494B-A492-9F0FDEABDBCB}"
EndProject
Project("{9A19103F-16F7-4668-BE54-9A1E7A4F7556}") = "BFC.Console", "BFC.Console\BFC.Console.csproj", "{CDAEE1E5-2D19-4E62-8D97-ECD490ABD4E6}"
EndProject
Global
	GlobalSection(SolutionConfigurationPlatforms) = preSolution
		Debug|Any CPU = Debug|Any CPU
		Release|Any CPU = Release|Any CPU
	EndGlobalSection
	GlobalSection(ProjectConfigurationPlatforms) = postSolution
		{B21E0514-B491-494B-A492-9F0FDEABDBCB}.Debug|Any CPU.ActiveCfg = Debug|Any CPU
		{B21E0514-B491-494B-A492-9F0FDEABDBCB}.Debug|Any CPU.Build.0 = Debug|Any CPU
		{B21E0514-B491-494B-A492-9F0FDEABDBCB}.Release|Any CPU.ActiveCfg = Release|Any CPU
		{B21E0514-B491-494B-A492-9F0FDEABDBCB}.Release|Any CPU.Build.0 = Release|Any CPU
		{CDAEE1E5-2D19-4E62-8D97-ECD490ABD4E6}.Debug|Any CPU.ActiveCfg = Debug|Any CPU
		{CDAEE1E5-2D19-4E62-8D97-ECD490ABD4E6}.Debug|Any CPU.Build.0 = Debug|Any CPU
		{CDAEE1E5-2D19-4E62-8D97-ECD490ABD4E6}.Release|Any CPU.ActiveCfg = Release|Any CPU
		{CDAEE1E5-2D19-4E62-8D97-ECD490ABD4E6}.Release|Any CPU.Build.0 = Release|Any CPU
	EndGlobalSection
	GlobalSection(SolutionProperties) = preSolution
		HideSolutionNode = FALSE
	EndGlobalSection
	GlobalSection(ExtensibilityGlobals) = postSolution
		SolutionGuid = {E9D88D43-8250-4367-BAE4-0E4FCA05F093}
	EndGlobalSection
EndGlobal
