
Microsoft Visual Studio Solution File, Format Version 12.00
# Visual Studio 15
VisualStudioVersion = 15.0.28307.168
MinimumVisualStudioVersion = 10.0.40219.1
Project("{FAE04EC0-301F-11D3-BF4B-00C04F79EFBC}") = "20190218", "20190218\20190218.csproj", "{2A12569B-6DCC-49E0-B6F8-FC9983C50F44}"
EndProject
Global
	GlobalSection(SolutionConfigurationPlatforms) = preSolution
		Debug|Any CPU = Debug|Any CPU
		Release|Any CPU = Release|Any CPU
	EndGlobalSection
	GlobalSection(ProjectConfigurationPlatforms) = postSolution
		{2A12569B-6DCC-49E0-B6F8-FC9983C50F44}.Debug|Any CPU.ActiveCfg = Debug|Any CPU
		{2A12569B-6DCC-49E0-B6F8-FC9983C50F44}.Debug|Any CPU.Build.0 = Debug|Any CPU
		{2A12569B-6DCC-49E0-B6F8-FC9983C50F44}.Release|Any CPU.ActiveCfg = Release|Any CPU
		{2A12569B-6DCC-49E0-B6F8-FC9983C50F44}.Release|Any CPU.Build.0 = Release|Any CPU
	EndGlobalSection
	GlobalSection(SolutionProperties) = preSolution
		HideSolutionNode = FALSE
	EndGlobalSection
	GlobalSection(ExtensibilityGlobals) = postSolution
		SolutionGuid = {32A41E4A-CC2E-442D-8D72-2C15C1B3E287}
	EndGlobalSection
EndGlobal
