
Microsoft Visual Studio Solution File, Format Version 12.00
# Visual Studio 15
Project("{FAE04EC0-301F-11D3-BF4B-00C04F79EFBC}") = "RecruitmentTaskRetake", "RecruitmentTaskRetake\RecruitmentTaskRetake.csproj", "{1D53026C-B4D1-4798-8DB3-64A46E724459}"
EndProject
Project("{FAE04EC0-301F-11D3-BF4B-00C04F79EFBC}") = "RecruitmentTasksRetakeTests", "RecruitmentTasksRetakeTests\RecruitmentTasksRetakeTests.csproj", "{0617AD6F-3D59-4F82-AEC8-0E82A40312DD}"
EndProject
Global
	GlobalSection(SolutionConfigurationPlatforms) = preSolution
		Debug|Any CPU = Debug|Any CPU
		Release|Any CPU = Release|Any CPU
	EndGlobalSection
	GlobalSection(ProjectConfigurationPlatforms) = postSolution
		{1D53026C-B4D1-4798-8DB3-64A46E724459}.Debug|Any CPU.ActiveCfg = Debug|Any CPU
		{1D53026C-B4D1-4798-8DB3-64A46E724459}.Debug|Any CPU.Build.0 = Debug|Any CPU
		{1D53026C-B4D1-4798-8DB3-64A46E724459}.Release|Any CPU.ActiveCfg = Release|Any CPU
		{1D53026C-B4D1-4798-8DB3-64A46E724459}.Release|Any CPU.Build.0 = Release|Any CPU
		{0617AD6F-3D59-4F82-AEC8-0E82A40312DD}.Debug|Any CPU.ActiveCfg = Debug|Any CPU
		{0617AD6F-3D59-4F82-AEC8-0E82A40312DD}.Debug|Any CPU.Build.0 = Debug|Any CPU
		{0617AD6F-3D59-4F82-AEC8-0E82A40312DD}.Release|Any CPU.ActiveCfg = Release|Any CPU
		{0617AD6F-3D59-4F82-AEC8-0E82A40312DD}.Release|Any CPU.Build.0 = Release|Any CPU
	EndGlobalSection
EndGlobal
