
Microsoft Visual Studio Solution File, Format Version 12.00
# Visual Studio 15
VisualStudioVersion = 15.0.28306.52
MinimumVisualStudioVersion = 10.0.40219.1
Project("{FAE04EC0-301F-11D3-BF4B-00C04F79EFBC}") = "happypathpiotrekalicja", "happypathpiotrekalicja\happypathpiotrekalicja.csproj", "{66D5CE75-635B-4FBC-BE5E-88CF26A303B9}"
EndProject
Project("{FAE04EC0-301F-11D3-BF4B-00C04F79EFBC}") = "UnitTestProject1", "UnitTestProject1\UnitTestProject1.csproj", "{060FF27A-B8EE-4D40-8004-B20959FB57DB}"
EndProject
Global
	GlobalSection(SolutionConfigurationPlatforms) = preSolution
		Debug|Any CPU = Debug|Any CPU
		Release|Any CPU = Release|Any CPU
	EndGlobalSection
	GlobalSection(ProjectConfigurationPlatforms) = postSolution
		{66D5CE75-635B-4FBC-BE5E-88CF26A303B9}.Debug|Any CPU.ActiveCfg = Debug|Any CPU
		{66D5CE75-635B-4FBC-BE5E-88CF26A303B9}.Debug|Any CPU.Build.0 = Debug|Any CPU
		{66D5CE75-635B-4FBC-BE5E-88CF26A303B9}.Release|Any CPU.ActiveCfg = Release|Any CPU
		{66D5CE75-635B-4FBC-BE5E-88CF26A303B9}.Release|Any CPU.Build.0 = Release|Any CPU
		{060FF27A-B8EE-4D40-8004-B20959FB57DB}.Debug|Any CPU.ActiveCfg = Debug|Any CPU
		{060FF27A-B8EE-4D40-8004-B20959FB57DB}.Debug|Any CPU.Build.0 = Debug|Any CPU
		{060FF27A-B8EE-4D40-8004-B20959FB57DB}.Release|Any CPU.ActiveCfg = Release|Any CPU
		{060FF27A-B8EE-4D40-8004-B20959FB57DB}.Release|Any CPU.Build.0 = Release|Any CPU
	EndGlobalSection
	GlobalSection(SolutionProperties) = preSolution
		HideSolutionNode = FALSE
	EndGlobalSection
	GlobalSection(ExtensibilityGlobals) = postSolution
		SolutionGuid = {48699BDC-6AE6-45A9-9D1B-DE4372BC75E5}
	EndGlobalSection
EndGlobal
