
Microsoft Visual Studio Solution File, Format Version 12.00
# Visual Studio 15
VisualStudioVersion = 15.0.28307.168
MinimumVisualStudioVersion = 10.0.40219.1
Project("{FAE04EC0-301F-11D3-BF4B-00C04F79EFBC}") = "CardGame", "CardGame\CardGame.csproj", "{14FFB199-4B29-453D-B2F3-EED93D6C6A01}"
EndProject
Global
	GlobalSection(SolutionConfigurationPlatforms) = preSolution
		Debug|Any CPU = Debug|Any CPU
		Release|Any CPU = Release|Any CPU
	EndGlobalSection
	GlobalSection(ProjectConfigurationPlatforms) = postSolution
		{14FFB199-4B29-453D-B2F3-EED93D6C6A01}.Debug|Any CPU.ActiveCfg = Debug|Any CPU
		{14FFB199-4B29-453D-B2F3-EED93D6C6A01}.Debug|Any CPU.Build.0 = Debug|Any CPU
		{14FFB199-4B29-453D-B2F3-EED93D6C6A01}.Release|Any CPU.ActiveCfg = Release|Any CPU
		{14FFB199-4B29-453D-B2F3-EED93D6C6A01}.Release|Any CPU.Build.0 = Release|Any CPU
	EndGlobalSection
	GlobalSection(SolutionProperties) = preSolution
		HideSolutionNode = FALSE
	EndGlobalSection
	GlobalSection(ExtensibilityGlobals) = postSolution
		SolutionGuid = {C543C053-9417-466C-A0B0-94DC4AC67EC3}
	EndGlobalSection
EndGlobal
