
Microsoft Visual Studio Solution File, Format Version 12.00
# Visual Studio 15
VisualStudioVersion = 15.0.28010.2041
MinimumVisualStudioVersion = 10.0.40219.1
Project("{FAE04EC0-301F-11D3-BF4B-00C04F79EFBC}") = "StringCalculatorKata", "StringCalculatorKata\StringCalculatorKata.csproj", "{EABF733C-7009-4509-A549-627232DDA3DD}"
EndProject
Project("{FAE04EC0-301F-11D3-BF4B-00C04F79EFBC}") = "StringCalculatorKataTests", "StringCalculatorKataTests\StringCalculatorKataTests.csproj", "{2B0D4A53-E6F9-4005-9DE5-F994216D9982}"
EndProject
Global
	GlobalSection(SolutionConfigurationPlatforms) = preSolution
		Debug|Any CPU = Debug|Any CPU
		Release|Any CPU = Release|Any CPU
	EndGlobalSection
	GlobalSection(ProjectConfigurationPlatforms) = postSolution
		{EABF733C-7009-4509-A549-627232DDA3DD}.Debug|Any CPU.ActiveCfg = Debug|Any CPU
		{EABF733C-7009-4509-A549-627232DDA3DD}.Debug|Any CPU.Build.0 = Debug|Any CPU
		{EABF733C-7009-4509-A549-627232DDA3DD}.Release|Any CPU.ActiveCfg = Release|Any CPU
		{EABF733C-7009-4509-A549-627232DDA3DD}.Release|Any CPU.Build.0 = Release|Any CPU
		{2B0D4A53-E6F9-4005-9DE5-F994216D9982}.Debug|Any CPU.ActiveCfg = Debug|Any CPU
		{2B0D4A53-E6F9-4005-9DE5-F994216D9982}.Debug|Any CPU.Build.0 = Debug|Any CPU
		{2B0D4A53-E6F9-4005-9DE5-F994216D9982}.Release|Any CPU.ActiveCfg = Release|Any CPU
		{2B0D4A53-E6F9-4005-9DE5-F994216D9982}.Release|Any CPU.Build.0 = Release|Any CPU
	EndGlobalSection
	GlobalSection(SolutionProperties) = preSolution
		HideSolutionNode = FALSE
	EndGlobalSection
	GlobalSection(ExtensibilityGlobals) = postSolution
		SolutionGuid = {D98373C8-711C-4063-A871-C8B7D8FC6D00}
	EndGlobalSection
EndGlobal
