
Microsoft Visual Studio Solution File, Format Version 12.00
# Visual Studio 15
VisualStudioVersion = 15.0.28307.168
MinimumVisualStudioVersion = 10.0.40219.1
Project("{FAE04EC0-301F-11D3-BF4B-00C04F79EFBC}") = "StringCalculatorKataTests", "StringCalculatorKataTests\StringCalculatorKataTests.csproj", "{AC09628C-B427-432F-8EC4-6FD2A08736CF}"
EndProject
Project("{FAE04EC0-301F-11D3-BF4B-00C04F79EFBC}") = "StringCalculatorKata", "StringCalculatorKata\StringCalculatorKata.csproj", "{4E83CB69-2F79-4149-9202-6A6D2138590D}"
EndProject
Global
	GlobalSection(SolutionConfigurationPlatforms) = preSolution
		Debug|Any CPU = Debug|Any CPU
		Release|Any CPU = Release|Any CPU
	EndGlobalSection
	GlobalSection(ProjectConfigurationPlatforms) = postSolution
		{AC09628C-B427-432F-8EC4-6FD2A08736CF}.Debug|Any CPU.ActiveCfg = Debug|Any CPU
		{AC09628C-B427-432F-8EC4-6FD2A08736CF}.Debug|Any CPU.Build.0 = Debug|Any CPU
		{AC09628C-B427-432F-8EC4-6FD2A08736CF}.Release|Any CPU.ActiveCfg = Release|Any CPU
		{AC09628C-B427-432F-8EC4-6FD2A08736CF}.Release|Any CPU.Build.0 = Release|Any CPU
		{4E83CB69-2F79-4149-9202-6A6D2138590D}.Debug|Any CPU.ActiveCfg = Debug|Any CPU
		{4E83CB69-2F79-4149-9202-6A6D2138590D}.Debug|Any CPU.Build.0 = Debug|Any CPU
		{4E83CB69-2F79-4149-9202-6A6D2138590D}.Release|Any CPU.ActiveCfg = Release|Any CPU
		{4E83CB69-2F79-4149-9202-6A6D2138590D}.Release|Any CPU.Build.0 = Release|Any CPU
	EndGlobalSection
	GlobalSection(SolutionProperties) = preSolution
		HideSolutionNode = FALSE
	EndGlobalSection
	GlobalSection(ExtensibilityGlobals) = postSolution
		SolutionGuid = {B32E4AE8-E0B2-4E34-95A5-BE0F2E420D3C}
	EndGlobalSection
EndGlobal
