
Microsoft Visual Studio Solution File, Format Version 12.00
# Visual Studio 15
VisualStudioVersion = 15.0.28307.271
MinimumVisualStudioVersion = 10.0.40219.1
Project("{9A19103F-16F7-4668-BE54-9A1E7A4F7556}") = "DwarfMineSimulator", "DwarfMineSimulator\DwarfMineSimulator.csproj", "{97F305C7-D1B3-48E7-B355-2C44A768F6EF}"
EndProject
Project("{9A19103F-16F7-4668-BE54-9A1E7A4F7556}") = "DwarfMineSimulatorTests", "DwarfMineSimulatorTests\DwarfMineSimulatorTests.csproj", "{0077E3EC-BAB6-455F-9B89-2FDF4A711CC9}"
EndProject
Global
	GlobalSection(SolutionConfigurationPlatforms) = preSolution
		Debug|Any CPU = Debug|Any CPU
		Release|Any CPU = Release|Any CPU
	EndGlobalSection
	GlobalSection(ProjectConfigurationPlatforms) = postSolution
		{97F305C7-D1B3-48E7-B355-2C44A768F6EF}.Debug|Any CPU.ActiveCfg = Debug|Any CPU
		{97F305C7-D1B3-48E7-B355-2C44A768F6EF}.Debug|Any CPU.Build.0 = Debug|Any CPU
		{97F305C7-D1B3-48E7-B355-2C44A768F6EF}.Release|Any CPU.ActiveCfg = Release|Any CPU
		{97F305C7-D1B3-48E7-B355-2C44A768F6EF}.Release|Any CPU.Build.0 = Release|Any CPU
		{0077E3EC-BAB6-455F-9B89-2FDF4A711CC9}.Debug|Any CPU.ActiveCfg = Debug|Any CPU
		{0077E3EC-BAB6-455F-9B89-2FDF4A711CC9}.Debug|Any CPU.Build.0 = Debug|Any CPU
		{0077E3EC-BAB6-455F-9B89-2FDF4A711CC9}.Release|Any CPU.ActiveCfg = Release|Any CPU
		{0077E3EC-BAB6-455F-9B89-2FDF4A711CC9}.Release|Any CPU.Build.0 = Release|Any CPU
	EndGlobalSection
	GlobalSection(SolutionProperties) = preSolution
		HideSolutionNode = FALSE
	EndGlobalSection
	GlobalSection(ExtensibilityGlobals) = postSolution
		SolutionGuid = {C759FC6A-5B9D-4C9C-8249-B04C3AD9E542}
	EndGlobalSection
EndGlobal
