
Microsoft Visual Studio Solution File, Format Version 12.00
# Visual Studio 15
VisualStudioVersion = 15.0.28307.136
MinimumVisualStudioVersion = 10.0.40219.1
Project("{FAE04EC0-301F-11D3-BF4B-00C04F79EFBC}") = "StringCalc", "StringCalc\StringCalc.csproj", "{92863769-42E7-47CF-BEE8-CAC74B0C5B61}"
EndProject
Project("{FAE04EC0-301F-11D3-BF4B-00C04F79EFBC}") = "StringCalcTests", "StringCalcTests\StringCalcTests.csproj", "{00F30321-3A7E-41A4-888C-D4D431F7FF62}"
EndProject
Global
	GlobalSection(SolutionConfigurationPlatforms) = preSolution
		Debug|Any CPU = Debug|Any CPU
		Release|Any CPU = Release|Any CPU
	EndGlobalSection
	GlobalSection(ProjectConfigurationPlatforms) = postSolution
		{92863769-42E7-47CF-BEE8-CAC74B0C5B61}.Debug|Any CPU.ActiveCfg = Debug|Any CPU
		{92863769-42E7-47CF-BEE8-CAC74B0C5B61}.Debug|Any CPU.Build.0 = Debug|Any CPU
		{92863769-42E7-47CF-BEE8-CAC74B0C5B61}.Release|Any CPU.ActiveCfg = Release|Any CPU
		{92863769-42E7-47CF-BEE8-CAC74B0C5B61}.Release|Any CPU.Build.0 = Release|Any CPU
		{00F30321-3A7E-41A4-888C-D4D431F7FF62}.Debug|Any CPU.ActiveCfg = Debug|Any CPU
		{00F30321-3A7E-41A4-888C-D4D431F7FF62}.Debug|Any CPU.Build.0 = Debug|Any CPU
		{00F30321-3A7E-41A4-888C-D4D431F7FF62}.Release|Any CPU.ActiveCfg = Release|Any CPU
		{00F30321-3A7E-41A4-888C-D4D431F7FF62}.Release|Any CPU.Build.0 = Release|Any CPU
	EndGlobalSection
	GlobalSection(SolutionProperties) = preSolution
		HideSolutionNode = FALSE
	EndGlobalSection
	GlobalSection(ExtensibilityGlobals) = postSolution
		SolutionGuid = {E88CE1D7-B3CF-4DBC-85C9-90EB3379CF41}
	EndGlobalSection
EndGlobal
